// !$*UTF8*$!
{
	archiveVersion = 1;
	classes = {
	};
	objectVersion = 51;
	objects = {

/* Begin PBXBuildFile section */
		041FE8A62386EDEE004CD79F /* AppDelegate.swift in Sources */ = {isa = PBXBuildFile; fileRef = 041FE8A52386EDEE004CD79F /* AppDelegate.swift */; };
		041FE8A82386EDEE004CD79F /* ViewController.swift in Sources */ = {isa = PBXBuildFile; fileRef = 041FE8A72386EDEE004CD79F /* ViewController.swift */; };
		041FE8AB2386EDEE004CD79F /* Main.storyboard in Resources */ = {isa = PBXBuildFile; fileRef = 041FE8A92386EDEE004CD79F /* Main.storyboard */; };
		041FE8AD2386EDF0004CD79F /* Assets.xcassets in Resources */ = {isa = PBXBuildFile; fileRef = 041FE8AC2386EDF0004CD79F /* Assets.xcassets */; };
		041FE8B02386EDF0004CD79F /* LaunchScreen.storyboard in Resources */ = {isa = PBXBuildFile; fileRef = 041FE8AE2386EDF0004CD79F /* LaunchScreen.storyboard */; };
		0441F9E22388C4ED009C79F1 /* secondViewController.swift in Sources */ = {isa = PBXBuildFile; fileRef = 0441F9E12388C4ED009C79F1 /* secondViewController.swift */; };
		0441F9E42388C9D5009C79F1 /* dataViewController.swift in Sources */ = {isa = PBXBuildFile; fileRef = 0441F9E32388C9D5009C79F1 /* dataViewController.swift */; };
		04562A522386FF90007DC8DC /* GoogleService-Info.plist in Resources */ = {isa = PBXBuildFile; fileRef = 04562A512386FF90007DC8DC /* GoogleService-Info.plist */; };
		F78CCE0096B69FF5E94A8681 /* Pods_XcodeDatabase.framework in Frameworks */ = {isa = PBXBuildFile; fileRef = C4FDA3CB84FD48B96962EEB5 /* Pods_XcodeDatabase.framework */; };
/* End PBXBuildFile section */

/* Begin PBXFileReference section */
		041FE8A22386EDEE004CD79F /* XcodeDatabase.app */ = {isa = PBXFileReference; explicitFileType = wrapper.application; includeInIndex = 0; path = XcodeDatabase.app; sourceTree = BUILT_PRODUCTS_DIR; };
		041FE8A52386EDEE004CD79F /* AppDelegate.swift */ = {isa = PBXFileReference; lastKnownFileType = sourcecode.swift; path = AppDelegate.swift; sourceTree = "<group>"; };
		041FE8A72386EDEE004CD79F /* ViewController.swift */ = {isa = PBXFileReference; lastKnownFileType = sourcecode.swift; path = ViewController.swift; sourceTree = "<group>"; };
		041FE8AA2386EDEE004CD79F /* Base */ = {isa = PBXFileReference; lastKnownFileType = file.storyboard; name = Base; path = Base.lproj/Main.storyboard; sourceTree = "<group>"; };
		041FE8AC2386EDF0004CD79F /* Assets.xcassets */ = {isa = PBXFileReference; lastKnownFileType = folder.assetcatalog; path = Assets.xcassets; sourceTree = "<group>"; };
		041FE8AF2386EDF0004CD79F /* Base */ = {isa = PBXFileReference; lastKnownFileType = file.storyboard; name = Base; path = Base.lproj/LaunchScreen.storyboard; sourceTree = "<group>"; };
		041FE8B12386EDF0004CD79F /* Info.plist */ = {isa = PBXFileReference; lastKnownFileType = text.plist.xml; path = Info.plist; sourceTree = "<group>"; };
		0441F9E12388C4ED009C79F1 /* secondViewController.swift */ = {isa = PBXFileReference; lastKnownFileType = sourcecode.swift; path = secondViewController.swift; sourceTree = "<group>"; };
		0441F9E32388C9D5009C79F1 /* dataViewController.swift */ = {isa = PBXFileReference; lastKnownFileType = sourcecode.swift; path = dataViewController.swift; sourceTree = "<group>"; };
		04562A512386FF90007DC8DC /* GoogleService-Info.plist */ = {isa = PBXFileReference; fileEncoding = 4; lastKnownFileType = text.plist.xml; path = "GoogleService-Info.plist"; sourceTree = "<group>"; };
		7208BFE6A5E482A956846D12 /* Pods-XcodeDatabase.debug.xcconfig */ = {isa = PBXFileReference; includeInIndex = 1; lastKnownFileType = text.xcconfig; name = "Pods-XcodeDatabase.debug.xcconfig"; path = "Target Support Files/Pods-XcodeDatabase/Pods-XcodeDatabase.debug.xcconfig"; sourceTree = "<group>"; };
		C4FDA3CB84FD48B96962EEB5 /* Pods_XcodeDatabase.framework */ = {isa = PBXFileReference; explicitFileType = wrapper.framework; includeInIndex = 0; path = Pods_XcodeDatabase.framework; sourceTree = BUILT_PRODUCTS_DIR; };
		D562B317289F43098A9817E0 /* Pods-XcodeDatabase.release.xcconfig */ = {isa = PBXFileReference; includeInIndex = 1; lastKnownFileType = text.xcconfig; name = "Pods-XcodeDatabase.release.xcconfig"; path = "Target Support Files/Pods-XcodeDatabase/Pods-XcodeDatabase.release.xcconfig"; sourceTree = "<group>"; };
/* End PBXFileReference section */

/* Begin PBXFrameworksBuildPhase section */
		041FE89F2386EDEE004CD79F /* Frameworks */ = {
			isa = PBXFrameworksBuildPhase;
			buildActionMask = 2147483647;
			files = (
				F78CCE0096B69FF5E94A8681 /* Pods_XcodeDatabase.framework in Frameworks */,
			);
			runOnlyForDeploymentPostprocessing = 0;
		};
/* End PBXFrameworksBuildPhase section */

/* Begin PBXGroup section */
		041FE8992386EDEE004CD79F = {
			isa = PBXGroup;
			children = (
				041FE8A42386EDEE004CD79F /* XcodeDatabase */,
				041FE8A32386EDEE004CD79F /* Products */,
				44F5A4476A914B099247A598 /* Pods */,
				343B73C5980A2F3E4D673A2B /* Frameworks */,
			);
			sourceTree = "<group>";
		};
		041FE8A32386EDEE004CD79F /* Products */ = {
			isa = PBXGroup;
			children = (
				041FE8A22386EDEE004CD79F /* XcodeDatabase.app */,
			);
			name = Products;
			sourceTree = "<group>";
		};
		041FE8A42386EDEE004CD79F /* XcodeDatabase */ = {
			isa = PBXGroup;
			children = (
				041FE8A52386EDEE004CD79F /* AppDelegate.swift */,
				041FE8A72386EDEE004CD79F /* ViewController.swift */,
				041FE8A92386EDEE004CD79F /* Main.storyboard */,
				041FE8AC2386EDF0004CD79F /* Assets.xcassets */,
				041FE8AE2386EDF0004CD79F /* LaunchScreen.storyboard */,
				04562A512386FF90007DC8DC /* GoogleService-Info.plist */,
				041FE8B12386EDF0004CD79F /* Info.plist */,
				0441F9E12388C4ED009C79F1 /* secondViewController.swift */,
				0441F9E32388C9D5009C79F1 /* dataViewController.swift */,
			);
			path = XcodeDatabase;
			sourceTree = "<group>";
		};
		343B73C5980A2F3E4D673A2B /* Frameworks */ = {
			isa = PBXGroup;
			children = (
				C4FDA3CB84FD48B96962EEB5 /* Pods_XcodeDatabase.framework */,
			);
			name = Frameworks;
			sourceTree = "<group>";
		};
		44F5A4476A914B099247A598 /* Pods */ = {
			isa = PBXGroup;
			children = (
				7208BFE6A5E482A956846D12 /* Pods-XcodeDatabase.debug.xcconfig */,
				D562B317289F43098A9817E0 /* Pods-XcodeDatabase.release.xcconfig */,
			);
			path = Pods;
			sourceTree = "<group>";
		};
/* End PBXGroup section */

/* Begin PBXNativeTarget section */
		041FE8A12386EDEE004CD79F /* XcodeDatabase */ = {
			isa = PBXNativeTarget;
			buildConfigurationList = 041FE8B42386EDF0004CD79F /* Build configuration list for PBXNativeTarget "XcodeDatabase" */;
			buildPhases = (
				62B5755A94B4867E9C212A55 /* [CP] Check Pods Manifest.lock */,
				041FE89E2386EDEE004CD79F /* Sources */,
				041FE89F2386EDEE004CD79F /* Frameworks */,
				041FE8A02386EDEE004CD79F /* Resources */,
				F36AC7792471309FDF4FBA6F /* [CP] Embed Pods Frameworks */,
			);
			buildRules = (
			);
			dependencies = (
			);
			name = XcodeDatabase;
			productName = XcodeDatabase;
			productReference = 041FE8A22386EDEE004CD79F /* XcodeDatabase.app */;
			productType = "com.apple.product-type.application";
		};
/* End PBXNativeTarget section */

/* Begin PBXProject section */
		041FE89A2386EDEE004CD79F /* Project object */ = {
			isa = PBXProject;
			attributes = {
				LastSwiftUpdateCheck = 1030;
				LastUpgradeCheck = 1030;
				ORGANIZATIONNAME = "Centennial College";
				TargetAttributes = {
					041FE8A12386EDEE004CD79F = {
						CreatedOnToolsVersion = 10.3;
					};
				};
			};
			buildConfigurationList = 041FE89D2386EDEE004CD79F /* Build configuration list for PBXProject "XcodeDatabase" */;
			compatibilityVersion = "Xcode 9.3";
			developmentRegion = en;
			hasScannedForEncodings = 0;
			knownRegions = (
				en,
				Base,
			);
			mainGroup = 041FE8992386EDEE004CD79F;
			productRefGroup = 041FE8A32386EDEE004CD79F /* Products */;
			projectDirPath = "";
			projectRoot = "";
			targets = (
				041FE8A12386EDEE004CD79F /* XcodeDatabase */,
			);
		};
/* End PBXProject section */

/* Begin PBXResourcesBuildPhase section */
		041FE8A02386EDEE004CD79F /* Resources */ = {
			isa = PBXResourcesBuildPhase;
			buildActionMask = 2147483647;
			files = (
				041FE8B02386EDF0004CD79F /* LaunchScreen.storyboard in Resources */,
				04562A522386FF90007DC8DC /* GoogleService-Info.plist in Resources */,
				041FE8AD2386EDF0004CD79F /* Assets.xcassets in Resources */,
				041FE8AB2386EDEE004CD79F /* Main.storyboard in Resources */,
			);
			runOnlyForDeploymentPostprocessing = 0;
		};
/* End PBXResourcesBuildPhase section */

/* Begin PBXShellScriptBuildPhase section */
		62B5755A94B4867E9C212A55 /* [CP] Check Pods Manifest.lock */ = {
			isa = PBXShellScriptBuildPhase;
			buildActionMask = 2147483647;
			files = (
			);
			inputFileListPaths = (
			);
			inputPaths = (
				"${PODS_PODFILE_DIR_PATH}/Podfile.lock",
				"${PODS_ROOT}/Manifest.lock",
			);
			name = "[CP] Check Pods Manifest.lock";
			outputFileListPaths = (
			);
			outputPaths = (
				"$(DERIVED_FILE_DIR)/Pods-XcodeDatabase-checkManifestLockResult.txt",
			);
			runOnlyForDeploymentPostprocessing = 0;
			shellPath = /bin/sh;
			shellScript = "diff \"${PODS_PODFILE_DIR_PATH}/Podfile.lock\" \"${PODS_ROOT}/Manifest.lock\" > /dev/null\nif [ $? != 0 ] ; then\n    # print error to STDERR\n    echo \"error: The sandbox is not in sync with the Podfile.lock. Run 'pod install' or update your CocoaPods installation.\" >&2\n    exit 1\nfi\n# This output is used by Xcode 'outputs' to avoid re-running this script phase.\necho \"SUCCESS\" > \"${SCRIPT_OUTPUT_FILE_0}\"\n";
			showEnvVarsInLog = 0;
		};
		F36AC7792471309FDF4FBA6F /* [CP] Embed Pods Frameworks */ = {
			isa = PBXShellScriptBuildPhase;
			buildActionMask = 2147483647;
			files = (
			);
			inputFileListPaths = (
				"${PODS_ROOT}/Target Support Files/Pods-XcodeDatabase/Pods-XcodeDatabase-frameworks-${CONFIGURATION}-input-files.xcfilelist",
			);
			name = "[CP] Embed Pods Frameworks";
			outputFileListPaths = (
				"${PODS_ROOT}/Target Support Files/Pods-XcodeDatabase/Pods-XcodeDatabase-frameworks-${CONFIGURATION}-output-files.xcfilelist",
			);
			runOnlyForDeploymentPostprocessing = 0;
			shellPath = /bin/sh;
			shellScript = "\"${PODS_ROOT}/Target Support Files/Pods-XcodeDatabase/Pods-XcodeDatabase-frameworks.sh\"\n";
			showEnvVarsInLog = 0;
		};
/* End PBXShellScriptBuildPhase section */

/* Begin PBXSourcesBuildPhase section */
		041FE89E2386EDEE004CD79F /* Sources */ = {
			isa = PBXSourcesBuildPhase;
			buildActionMask = 2147483647;
			files = (
				0441F9E42388C9D5009C79F1 /* dataViewController.swift in Sources */,
				041FE8A82386EDEE004CD79F /* ViewController.swift in Sources */,
				0441F9E22388C4ED009C79F1 /* secondViewController.swift in Sources */,
				041FE8A62386EDEE004CD79F /* AppDelegate.swift in Sources */,
			);
			runOnlyForDeploymentPostprocessing = 0;
		};
/* End PBXSourcesBuildPhase section */

/* Begin PBXVariantGroup section */
		041FE8A92386EDEE004CD79F /* Main.storyboard */ = {
			isa = PBXVariantGroup;
			children = (
				041FE8AA2386EDEE004CD79F /* Base */,
			);
			name = Main.storyboard;
			sourceTree = "<group>";
		};
		041FE8AE2386EDF0004CD79F /* LaunchScreen.storyboard */ = {
			isa = PBXVariantGroup;
			children = (
				041FE8AF2386EDF0004CD79F /* Base */,
			);
			name = LaunchScreen.storyboard;
			sourceTree = "<group>";
		};
/* End PBXVariantGroup section */

/* Begin XCBuildConfiguration section */
		041FE8B22386EDF0004CD79F /* Debug */ = {
			isa = XCBuildConfiguration;
			buildSettings = {
				ALWAYS_SEARCH_USER_PATHS = NO;
				CLANG_ANALYZER_NONNULL = YES;
				CLANG_ANALYZER_NUMBER_OBJECT_CONVERSION = YES_AGGRESSIVE;
				CLANG_CXX_LANGUAGE_STANDARD = "gnu++14";
				CLANG_CXX_LIBRARY = "libc++";
				CLANG_ENABLE_MODULES = YES;
				CLANG_ENABLE_OBJC_ARC = YES;
				CLANG_ENABLE_OBJC_WEAK = YES;
				CLANG_WARN_BLOCK_CAPTURE_AUTORELEASING = YES;
				CLANG_WARN_BOOL_CONVERSION = YES;
				CLANG_WARN_COMMA = YES;
				CLANG_WARN_CONSTANT_CONVERSION = YES;
				CLANG_WARN_DEPRECATED_OBJC_IMPLEMENTATIONS = YES;
				CLANG_WARN_DIRECT_OBJC_ISA_USAGE = YES_ERROR;
				CLANG_WARN_DOCUMENTATION_COMMENTS = YES;
				CLANG_WARN_EMPTY_BODY = YES;
				CLANG_WARN_ENUM_CONVERSION = YES;
				CLANG_WARN_INFINITE_RECURSION = YES;
				CLANG_WARN_INT_CONVERSION = YES;
				CLANG_WARN_NON_LITERAL_NULL_CONVERSION = YES;
				CLANG_WARN_OBJC_IMPLICIT_RETAIN_SELF = YES;
				CLANG_WARN_OBJC_LITERAL_CONVERSION = YES;
				CLANG_WARN_OBJC_ROOT_CLASS = YES_ERROR;
				CLANG_WARN_RANGE_LOOP_ANALYSIS = YES;
				CLANG_WARN_STRICT_PROTOTYPES = YES;
				CLANG_WARN_SUSPICIOUS_MOVE = YES;
				CLANG_WARN_UNGUARDED_AVAILABILITY = YES_AGGRESSIVE;
				CLANG_WARN_UNREACHABLE_CODE = YES;
				CLANG_WARN__DUPLICATE_METHOD_MATCH = YES;
				CODE_SIGN_IDENTITY = "iPhone Developer";
				COPY_PHASE_STRIP = NO;
				DEBUG_INFORMATION_FORMAT = dwarf;
				ENABLE_STRICT_OBJC_MSGSEND = YES;
				ENABLE_TESTABILITY = YES;
				GCC_C_LANGUAGE_STANDARD = gnu11;
				GCC_DYNAMIC_NO_PIC = NO;
				GCC_NO_COMMON_BLOCKS = YES;
				GCC_OPTIMIZATION_LEVEL = 0;
				GCC_PREPROCESSOR_DEFINITIONS = (
					"DEBUG=1",
					"$(inherited)",
				);
				GCC_WARN_64_TO_32_BIT_CONVERSION = YES;
				GCC_WARN_ABOUT_RETURN_TYPE = YES_ERROR;
				GCC_WARN_UNDECLARED_SELECTOR = YES;
				GCC_WARN_UNINITIALIZED_AUTOS = YES_AGGRESSIVE;
				GCC_WARN_UNUSED_FUNCTION = YES;
				GCC_WARN_UNUSED_VARIABLE = YES;
				IPHONEOS_DEPLOYMENT_TARGET = 12.4;
				MTL_ENABLE_DEBUG_INFO = INCLUDE_SOURCE;
				MTL_FAST_MATH = YES;
				ONLY_ACTIVE_ARCH = YES;
				SDKROOT = iphoneos;
				SWIFT_ACTIVE_COMPILATION_CONDITIONS = DEBUG;
				SWIFT_OPTIMIZATION_LEVEL = "-Onone";
			};
			name = Debug;
		};
		041FE8B32386EDF0004CD79F /* Release */ = {
			isa = XCBuildConfiguration;
			buildSettings = {
				ALWAYS_SEARCH_USER_PATHS = NO;
				CLANG_ANALYZER_NONNULL = YES;
				CLANG_ANALYZER_NUMBER_OBJECT_CONVERSION = YES_AGGRESSIVE;
				CLANG_CXX_LANGUAGE_STANDARD = "gnu++14";
				CLANG_CXX_LIBRARY = "libc++";
				CLANG_ENABLE_MODULES = YES;
				CLANG_ENABLE_OBJC_ARC = YES;
				CLANG_ENABLE_OBJC_WEAK = YES;
				CLANG_WARN_BLOCK_CAPTURE_AUTORELEASING = YES;
				CLANG_WARN_BOOL_CONVERSION = YES;
				CLANG_WARN_COMMA = YES;
				CLANG_WARN_CONSTANT_CONVERSION = YES;
				CLANG_WARN_DEPRECATED_OBJC_IMPLEMENTATIONS = YES;
				CLANG_WARN_DIRECT_OBJC_ISA_USAGE = YES_ERROR;
				CLANG_WARN_DOCUMENTATION_COMMENTS = YES;
				CLANG_WARN_EMPTY_BODY = YES;
				CLANG_WARN_ENUM_CONVERSION = YES;
				CLANG_WARN_INFINITE_RECURSION = YES;
				CLANG_WARN_INT_CONVERSION = YES;
				CLANG_WARN_NON_LITERAL_NULL_CONVERSION = YES;
				CLANG_WARN_OBJC_IMPLICIT_RETAIN_SELF = YES;
				CLANG_WARN_OBJC_LITERAL_CONVERSION = YES;
				CLANG_WARN_OBJC_ROOT_CLASS = YES_ERROR;
				CLANG_WARN_RANGE_LOOP_ANALYSIS = YES;
				CLANG_WARN_STRICT_PROTOTYPES = YES;
				CLANG_WARN_SUSPICIOUS_MOVE = YES;
				CLANG_WARN_UNGUARDED_AVAILABILITY = YES_AGGRESSIVE;
				CLANG_WARN_UNREACHABLE_CODE = YES;
				CLANG_WARN__DUPLICATE_METHOD_MATCH = YES;
				CODE_SIGN_IDENTITY = "iPhone Developer";
				COPY_PHASE_STRIP = NO;
				DEBUG_INFORMATION_FORMAT = "dwarf-with-dsym";
				ENABLE_NS_ASSERTIONS = NO;
				ENABLE_STRICT_OBJC_MSGSEND = YES;
				GCC_C_LANGUAGE_STANDARD = gnu11;
				GCC_NO_COMMON_BLOCKS = YES;
				GCC_WARN_64_TO_32_BIT_CONVERSION = YES;
				GCC_WARN_ABOUT_RETURN_TYPE = YES_ERROR;
				GCC_WARN_UNDECLARED_SELECTOR = YES;
				GCC_WARN_UNINITIALIZED_AUTOS = YES_AGGRESSIVE;
				GCC_WARN_UNUSED_FUNCTION = YES;
				GCC_WARN_UNUSED_VARIABLE = YES;
				IPHONEOS_DEPLOYMENT_TARGET = 12.4;
				MTL_ENABLE_DEBUG_INFO = NO;
				MTL_FAST_MATH = YES;
				SDKROOT = iphoneos;
				SWIFT_COMPILATION_MODE = wholemodule;
				SWIFT_OPTIMIZATION_LEVEL = "-O";
				VALIDATE_PRODUCT = YES;
			};
			name = Release;
		};
		041FE8B52386EDF0004CD79F /* Debug */ = {
			isa = XCBuildConfiguration;
			baseConfigurationReference = 7208BFE6A5E482A956846D12 /* Pods-XcodeDatabase.debug.xcconfig */;
			buildSettings = {
				ASSETCATALOG_COMPILER_APPICON_NAME = AppIcon;
				CODE_SIGN_STYLE = Automatic;
				DEVELOPMENT_TEAM = 2BULHRS882;
				INFOPLIST_FILE = XcodeDatabase/Info.plist;
				LD_RUNPATH_SEARCH_PATHS = (
					"$(inherited)",
					"@executable_path/Frameworks",
				);
				PRODUCT_BUNDLE_IDENTIFIER = ca.centennialcollege.XcodeDatabase;
				PRODUCT_NAME = "$(TARGET_NAME)";
				SWIFT_VERSION = 5.0;
				TARGETED_DEVICE_FAMILY = "1,2";
			};
			name = Debug;
		};
		041FE8B62386EDF0004CD79F /* Release */ = {
			isa = XCBuildConfiguration;
			baseConfigurationReference = D562B317289F43098A9817E0 /* Pods-XcodeDatabase.release.xcconfig */;
			buildSettings = {
				ASSETCATALOG_COMPILER_APPICON_NAME = AppIcon;
				CODE_SIGN_STYLE = Automatic;
				DEVELOPMENT_TEAM = 2BULHRS882;
				INFOPLIST_FILE = XcodeDatabase/Info.plist;
				LD_RUNPATH_SEARCH_PATHS = (
					"$(inherited)",
					"@executable_path/Frameworks",
				);
				PRODUCT_BUNDLE_IDENTIFIER = ca.centennialcollege.XcodeDatabase;
				PRODUCT_NAME = "$(TARGET_NAME)";
				SWIFT_VERSION = 5.0;
				TARGETED_DEVICE_FAMILY = "1,2";
			};
			name = Release;
		};
/* End XCBuildConfiguration section */

/* Begin XCConfigurationList section */
		041FE89D2386EDEE004CD79F /* Build configuration list for PBXProject "XcodeDatabase" */ = {
			isa = XCConfigurationList;
			buildConfigurations = (
				041FE8B22386EDF0004CD79F /* Debug */,
				041FE8B32386EDF0004CD79F /* Release */,
			);
			defaultConfigurationIsVisible = 0;
			defaultConfigurationName = Release;
		};
		041FE8B42386EDF0004CD79F /* Build configuration list for PBXNativeTarget "XcodeDatabase" */ = {
			isa = XCConfigurationList;
			buildConfigurations = (
				041FE8B52386EDF0004CD79F /* Debug */,
				041FE8B62386EDF0004CD79F /* Release */,
			);
			defaultConfigurationIsVisible = 0;
			defaultConfigurationName = Release;
		};
/* End XCConfigurationList section */
	};
	rootObject = 041FE89A2386EDEE004CD79F /* Project object */;
}
